
Microsoft Visual Studio Solution File, Format Version 12.00
# Visual Studio Version 16
VisualStudioVersion = 16.0.31624.102
MinimumVisualStudioVersion = 10.0.40219.1
Project("{FAE04EC0-301F-11D3-BF4B-00C04F79EFBC}") = "AppTreeViewPictures", "AppTreeViewPictures\AppTreeViewPictures.csproj", "{3E8BB565-88AB-47ED-BE34-72231BF19DC2}"
EndProject
Global
	GlobalSection(SolutionConfigurationPlatforms) = preSolution
		Debug|Any CPU = Debug|Any CPU
		Release|Any CPU = Release|Any CPU
	EndGlobalSection
	GlobalSection(ProjectConfigurationPlatforms) = postSolution
		{3E8BB565-88AB-47ED-BE34-72231BF19DC2}.Debug|Any CPU.ActiveCfg = Debug|Any CPU
		{3E8BB565-88AB-47ED-BE34-72231BF19DC2}.Debug|Any CPU.Build.0 = Debug|Any CPU
		{3E8BB565-88AB-47ED-BE34-72231BF19DC2}.Release|Any CPU.ActiveCfg = Release|Any CPU
		{3E8BB565-88AB-47ED-BE34-72231BF19DC2}.Release|Any CPU.Build.0 = Release|Any CPU
	EndGlobalSection
	GlobalSection(SolutionProperties) = preSolution
		HideSolutionNode = FALSE
	EndGlobalSection
	GlobalSection(ExtensibilityGlobals) = postSolution
		SolutionGuid = {B1EF16C5-C08A-4FFB-84E6-30E23014892B}
	EndGlobalSection
EndGlobal
